// !$*UTF8*$!
{
	archiveVersion = 1;
	classes = {
	};
	objectVersion = 50;
	objects = {

/* Begin PBXBuildFile section */
		D028EB1920A1A1EB00E34687 /* AppDelegate.swift in Sources */ = {isa = PBXBuildFile; fileRef = D028EB1820A1A1EB00E34687 /* AppDelegate.swift */; };
		D028EB2020A1A1ED00E34687 /* Assets.xcassets in Resources */ = {isa = PBXBuildFile; fileRef = D028EB1F20A1A1ED00E34687 /* Assets.xcassets */; };
		D028EB2320A1A1ED00E34687 /* LaunchScreen.storyboard in Resources */ = {isa = PBXBuildFile; fileRef = D028EB2120A1A1ED00E34687 /* LaunchScreen.storyboard */; };
		D028EB2F20A1A3DD00E34687 /* CollectionController.swift in Sources */ = {isa = PBXBuildFile; fileRef = D028EB2D20A1A3DD00E34687 /* CollectionController.swift */; };
		D028EB3020A1A3DD00E34687 /* CollectionController.xib in Resources */ = {isa = PBXBuildFile; fileRef = D028EB2E20A1A3DD00E34687 /* CollectionController.xib */; };
		D028EB3320A1A50100E34687 /* TableController.swift in Sources */ = {isa = PBXBuildFile; fileRef = D028EB3120A1A50100E34687 /* TableController.swift */; };
		D028EB3420A1A50100E34687 /* TableController.xib in Resources */ = {isa = PBXBuildFile; fileRef = D028EB3220A1A50100E34687 /* TableController.xib */; };
		D028EB3620A1A5F600E34687 /* TabBarController.swift in Sources */ = {isa = PBXBuildFile; fileRef = D028EB3520A1A5F600E34687 /* TabBarController.swift */; };
		D028EB3820A1B25200E34687 /* Photo.swift in Sources */ = {isa = PBXBuildFile; fileRef = D028EB3720A1B25200E34687 /* Photo.swift */; };
		D028EB3A20A1B33C00E34687 /* BaseDePhotos.swift in Sources */ = {isa = PBXBuildFile; fileRef = D028EB3920A1B33C00E34687 /* BaseDePhotos.swift */; };
		D028EB3D20A1B53600E34687 /* MomentTableCell.swift in Sources */ = {isa = PBXBuildFile; fileRef = D028EB3B20A1B53600E34687 /* MomentTableCell.swift */; };
		D028EB3E20A1B53600E34687 /* MomentTableCell.xib in Resources */ = {isa = PBXBuildFile; fileRef = D028EB3C20A1B53600E34687 /* MomentTableCell.xib */; };
		D028EB4020A1B76F00E34687 /* ImageCoinArrondi.swift in Sources */ = {isa = PBXBuildFile; fileRef = D028EB3F20A1B76F00E34687 /* ImageCoinArrondi.swift */; };
/* End PBXBuildFile section */

/* Begin PBXFileReference section */
		D028EB1520A1A1EB00E34687 /* Moments.app */ = {isa = PBXFileReference; explicitFileType = wrapper.application; includeInIndex = 0; path = Moments.app; sourceTree = BUILT_PRODUCTS_DIR; };
		D028EB1820A1A1EB00E34687 /* AppDelegate.swift */ = {isa = PBXFileReference; lastKnownFileType = sourcecode.swift; path = AppDelegate.swift; sourceTree = "<group>"; };
		D028EB1F20A1A1ED00E34687 /* Assets.xcassets */ = {isa = PBXFileReference; lastKnownFileType = folder.assetcatalog; path = Assets.xcassets; sourceTree = "<group>"; };
		D028EB2220A1A1ED00E34687 /* Base */ = {isa = PBXFileReference; lastKnownFileType = file.storyboard; name = Base; path = Base.lproj/LaunchScreen.storyboard; sourceTree = "<group>"; };
		D028EB2420A1A1ED00E34687 /* Info.plist */ = {isa = PBXFileReference; lastKnownFileType = text.plist.xml; path = Info.plist; sourceTree = "<group>"; };
		D028EB2D20A1A3DD00E34687 /* CollectionController.swift */ = {isa = PBXFileReference; lastKnownFileType = sourcecode.swift; path = CollectionController.swift; sourceTree = "<group>"; };
		D028EB2E20A1A3DD00E34687 /* CollectionController.xib */ = {isa = PBXFileReference; lastKnownFileType = file.xib; path = CollectionController.xib; sourceTree = "<group>"; };
		D028EB3120A1A50100E34687 /* TableController.swift */ = {isa = PBXFileReference; lastKnownFileType = sourcecode.swift; path = TableController.swift; sourceTree = "<group>"; };
		D028EB3220A1A50100E34687 /* TableController.xib */ = {isa = PBXFileReference; lastKnownFileType = file.xib; path = TableController.xib; sourceTree = "<group>"; };
		D028EB3520A1A5F600E34687 /* TabBarController.swift */ = {isa = PBXFileReference; lastKnownFileType = sourcecode.swift; path = TabBarController.swift; sourceTree = "<group>"; };
		D028EB3720A1B25200E34687 /* Photo.swift */ = {isa = PBXFileReference; lastKnownFileType = sourcecode.swift; path = Photo.swift; sourceTree = "<group>"; };
		D028EB3920A1B33C00E34687 /* BaseDePhotos.swift */ = {isa = PBXFileReference; lastKnownFileType = sourcecode.swift; path = BaseDePhotos.swift; sourceTree = "<group>"; };
		D028EB3B20A1B53600E34687 /* MomentTableCell.swift */ = {isa = PBXFileReference; lastKnownFileType = sourcecode.swift; path = MomentTableCell.swift; sourceTree = "<group>"; };
		D028EB3C20A1B53600E34687 /* MomentTableCell.xib */ = {isa = PBXFileReference; lastKnownFileType = file.xib; path = MomentTableCell.xib; sourceTree = "<group>"; };
		D028EB3F20A1B76F00E34687 /* ImageCoinArrondi.swift */ = {isa = PBXFileReference; lastKnownFileType = sourcecode.swift; path = ImageCoinArrondi.swift; sourceTree = "<group>"; };
/* End PBXFileReference section */

/* Begin PBXFrameworksBuildPhase section */
		D028EB1220A1A1EB00E34687 /* Frameworks */ = {
			isa = PBXFrameworksBuildPhase;
			buildActionMask = 2147483647;
			files = (
			);
			runOnlyForDeploymentPostprocessing = 0;
		};
/* End PBXFrameworksBuildPhase section */

/* Begin PBXGroup section */
		D028EB0C20A1A1EB00E34687 = {
			isa = PBXGroup;
			children = (
				D028EB1720A1A1EB00E34687 /* Moments */,
				D028EB1620A1A1EB00E34687 /* Products */,
			);
			sourceTree = "<group>";
		};
		D028EB1620A1A1EB00E34687 /* Products */ = {
			isa = PBXGroup;
			children = (
				D028EB1520A1A1EB00E34687 /* Moments.app */,
			);
			name = Products;
			sourceTree = "<group>";
		};
		D028EB1720A1A1EB00E34687 /* Moments */ = {
			isa = PBXGroup;
			children = (
				D028EB1820A1A1EB00E34687 /* AppDelegate.swift */,
				D028EB2C20A1A39500E34687 /* Model */,
				D028EB2B20A1A38F00E34687 /* View */,
				D028EB2A20A1A38400E34687 /* Controller */,
				D028EB1F20A1A1ED00E34687 /* Assets.xcassets */,
				D028EB2120A1A1ED00E34687 /* LaunchScreen.storyboard */,
				D028EB2420A1A1ED00E34687 /* Info.plist */,
			);
			path = Moments;
			sourceTree = "<group>";
		};
		D028EB2A20A1A38400E34687 /* Controller */ = {
			isa = PBXGroup;
			children = (
				D028EB2D20A1A3DD00E34687 /* CollectionController.swift */,
				D028EB2E20A1A3DD00E34687 /* CollectionController.xib */,
				D028EB3120A1A50100E34687 /* TableController.swift */,
				D028EB3220A1A50100E34687 /* TableController.xib */,
				D028EB3520A1A5F600E34687 /* TabBarController.swift */,
			);
			path = Controller;
			sourceTree = "<group>";
		};
		D028EB2B20A1A38F00E34687 /* View */ = {
			isa = PBXGroup;
			children = (
				D028EB3B20A1B53600E34687 /* MomentTableCell.swift */,
				D028EB3C20A1B53600E34687 /* MomentTableCell.xib */,
				D028EB3F20A1B76F00E34687 /* ImageCoinArrondi.swift */,
			);
			path = View;
			sourceTree = "<group>";
		};
		D028EB2C20A1A39500E34687 /* Model */ = {
			isa = PBXGroup;
			children = (
				D028EB3720A1B25200E34687 /* Photo.swift */,
				D028EB3920A1B33C00E34687 /* BaseDePhotos.swift */,
			);
			path = Model;
			sourceTree = "<group>";
		};
/* End PBXGroup section */

/* Begin PBXNativeTarget section */
		D028EB1420A1A1EB00E34687 /* Moments */ = {
			isa = PBXNativeTarget;
			buildConfigurationList = D028EB2720A1A1ED00E34687 /* Build configuration list for PBXNativeTarget "Moments" */;
			buildPhases = (
				D028EB1120A1A1EB00E34687 /* Sources */,
				D028EB1220A1A1EB00E34687 /* Frameworks */,
				D028EB1320A1A1EB00E34687 /* Resources */,
			);
			buildRules = (
			);
			dependencies = (
			);
			name = Moments;
			productName = Moments;
			productReference = D028EB1520A1A1EB00E34687 /* Moments.app */;
			productType = "com.apple.product-type.application";
		};
/* End PBXNativeTarget section */

/* Begin PBXProject section */
		D028EB0D20A1A1EB00E34687 /* Project object */ = {
			isa = PBXProject;
			attributes = {
				LastSwiftUpdateCheck = 0930;
				LastUpgradeCheck = 0930;
				ORGANIZATIONNAME = "Riad Korimbacus";
				TargetAttributes = {
					D028EB1420A1A1EB00E34687 = {
						CreatedOnToolsVersion = 9.3;
					};
				};
			};
			buildConfigurationList = D028EB1020A1A1EB00E34687 /* Build configuration list for PBXProject "Moments" */;
			compatibilityVersion = "Xcode 9.3";
			developmentRegion = en;
			hasScannedForEncodings = 0;
			knownRegions = (
				en,
				Base,
			);
			mainGroup = D028EB0C20A1A1EB00E34687;
			productRefGroup = D028EB1620A1A1EB00E34687 /* Products */;
			projectDirPath = "";
			projectRoot = "";
			targets = (
				D028EB1420A1A1EB00E34687 /* Moments */,
			);
		};
/* End PBXProject section */

/* Begin PBXResourcesBuildPhase section */
		D028EB1320A1A1EB00E34687 /* Resources */ = {
			isa = PBXResourcesBuildPhase;
			buildActionMask = 2147483647;
			files = (
				D028EB3420A1A50100E34687 /* TableController.xib in Resources */,
				D028EB3E20A1B53600E34687 /* MomentTableCell.xib in Resources */,
				D028EB2320A1A1ED00E34687 /* LaunchScreen.storyboard in Resources */,
				D028EB3020A1A3DD00E34687 /* CollectionController.xib in Resources */,
				D028EB2020A1A1ED00E34687 /* Assets.xcassets in Resources */,
			);
			runOnlyForDeploymentPostprocessing = 0;
		};
/* End PBXResourcesBuildPhase section */

/* Begin PBXSourcesBuildPhase section */
		D028EB1120A1A1EB00E34687 /* Sources */ = {
			isa = PBXSourcesBuildPhase;
			buildActionMask = 2147483647;
			files = (
				D028EB3320A1A50100E34687 /* TableController.swift in Sources */,
				D028EB3D20A1B53600E34687 /* MomentTableCell.swift in Sources */,
				D028EB3620A1A5F600E34687 /* TabBarController.swift in Sources */,
				D028EB1920A1A1EB00E34687 /* AppDelegate.swift in Sources */,
				D028EB4020A1B76F00E34687 /* ImageCoinArrondi.swift in Sources */,
				D028EB2F20A1A3DD00E34687 /* CollectionController.swift in Sources */,
				D028EB3A20A1B33C00E34687 /* BaseDePhotos.swift in Sources */,
				D028EB3820A1B25200E34687 /* Photo.swift in Sources */,
			);
			runOnlyForDeploymentPostprocessing = 0;
		};
/* End PBXSourcesBuildPhase section */

/* Begin PBXVariantGroup section */
		D028EB2120A1A1ED00E34687 /* LaunchScreen.storyboard */ = {
			isa = PBXVariantGroup;
			children = (
				D028EB2220A1A1ED00E34687 /* Base */,
			);
			name = LaunchScreen.storyboard;
			sourceTree = "<group>";
		};
/* End PBXVariantGroup section */

/* Begin XCBuildConfiguration section */
		D028EB2520A1A1ED00E34687 /* Debug */ = {
			isa = XCBuildConfiguration;
			buildSettings = {
				ALWAYS_SEARCH_USER_PATHS = NO;
				CLANG_ANALYZER_NONNULL = YES;
				CLANG_ANALYZER_NUMBER_OBJECT_CONVERSION = YES_AGGRESSIVE;
				CLANG_CXX_LANGUAGE_STANDARD = "gnu++14";
				CLANG_CXX_LIBRARY = "libc++";
				CLANG_ENABLE_MODULES = YES;
				CLANG_ENABLE_OBJC_ARC = YES;
				CLANG_ENABLE_OBJC_WEAK = YES;
				CLANG_WARN_BLOCK_CAPTURE_AUTORELEASING = YES;
				CLANG_WARN_BOOL_CONVERSION = YES;
				CLANG_WARN_COMMA = YES;
				CLANG_WARN_CONSTANT_CONVERSION = YES;
				CLANG_WARN_DEPRECATED_OBJC_IMPLEMENTATIONS = YES;
				CLANG_WARN_DIRECT_OBJC_ISA_USAGE = YES_ERROR;
				CLANG_WARN_DOCUMENTATION_COMMENTS = YES;
				CLANG_WARN_EMPTY_BODY = YES;
				CLANG_WARN_ENUM_CONVERSION = YES;
				CLANG_WARN_INFINITE_RECURSION = YES;
				CLANG_WARN_INT_CONVERSION = YES;
				CLANG_WARN_NON_LITERAL_NULL_CONVERSION = YES;
				CLANG_WARN_OBJC_IMPLICIT_RETAIN_SELF = YES;
				CLANG_WARN_OBJC_LITERAL_CONVERSION = YES;
				CLANG_WARN_OBJC_ROOT_CLASS = YES_ERROR;
				CLANG_WARN_RANGE_LOOP_ANALYSIS = YES;
				CLANG_WARN_STRICT_PROTOTYPES = YES;
				CLANG_WARN_SUSPICIOUS_MOVE = YES;
				CLANG_WARN_UNGUARDED_AVAILABILITY = YES_AGGRESSIVE;
				CLANG_WARN_UNREACHABLE_CODE = YES;
				CLANG_WARN__DUPLICATE_METHOD_MATCH = YES;
				CODE_SIGN_IDENTITY = "iPhone Developer";
				COPY_PHASE_STRIP = NO;
				DEBUG_INFORMATION_FORMAT = dwarf;
				ENABLE_STRICT_OBJC_MSGSEND = YES;
				ENABLE_TESTABILITY = YES;
				GCC_C_LANGUAGE_STANDARD = gnu11;
				GCC_DYNAMIC_NO_PIC = NO;
				GCC_NO_COMMON_BLOCKS = YES;
				GCC_OPTIMIZATION_LEVEL = 0;
				GCC_PREPROCESSOR_DEFINITIONS = (
					"DEBUG=1",
					"$(inherited)",
				);
				GCC_WARN_64_TO_32_BIT_CONVERSION = YES;
				GCC_WARN_ABOUT_RETURN_TYPE = YES_ERROR;
				GCC_WARN_UNDECLARED_SELECTOR = YES;
				GCC_WARN_UNINITIALIZED_AUTOS = YES_AGGRESSIVE;
				GCC_WARN_UNUSED_FUNCTION = YES;
				GCC_WARN_UNUSED_VARIABLE = YES;
				IPHONEOS_DEPLOYMENT_TARGET = 11.3;
				MTL_ENABLE_DEBUG_INFO = YES;
				ONLY_ACTIVE_ARCH = YES;
				SDKROOT = iphoneos;
				SWIFT_ACTIVE_COMPILATION_CONDITIONS = DEBUG;
				SWIFT_OPTIMIZATION_LEVEL = "-Onone";
			};
			name = Debug;
		};
		D028EB2620A1A1ED00E34687 /* Release */ = {
			isa = XCBuildConfiguration;
			buildSettings = {
				ALWAYS_SEARCH_USER_PATHS = NO;
				CLANG_ANALYZER_NONNULL = YES;
				CLANG_ANALYZER_NUMBER_OBJECT_CONVERSION = YES_AGGRESSIVE;
				CLANG_CXX_LANGUAGE_STANDARD = "gnu++14";
				CLANG_CXX_LIBRARY = "libc++";
				CLANG_ENABLE_MODULES = YES;
				CLANG_ENABLE_OBJC_ARC = YES;
				CLANG_ENABLE_OBJC_WEAK = YES;
				CLANG_WARN_BLOCK_CAPTURE_AUTORELEASING = YES;
				CLANG_WARN_BOOL_CONVERSION = YES;
				CLANG_WARN_COMMA = YES;
				CLANG_WARN_CONSTANT_CONVERSION = YES;
				CLANG_WARN_DEPRECATED_OBJC_IMPLEMENTATIONS = YES;
				CLANG_WARN_DIRECT_OBJC_ISA_USAGE = YES_ERROR;
				CLANG_WARN_DOCUMENTATION_COMMENTS = YES;
				CLANG_WARN_EMPTY_BODY = YES;
				CLANG_WARN_ENUM_CONVERSION = YES;
				CLANG_WARN_INFINITE_RECURSION = YES;
				CLANG_WARN_INT_CONVERSION = YES;
				CLANG_WARN_NON_LITERAL_NULL_CONVERSION = YES;
				CLANG_WARN_OBJC_IMPLICIT_RETAIN_SELF = YES;
				CLANG_WARN_OBJC_LITERAL_CONVERSION = YES;
				CLANG_WARN_OBJC_ROOT_CLASS = YES_ERROR;
				CLANG_WARN_RANGE_LOOP_ANALYSIS = YES;
				CLANG_WARN_STRICT_PROTOTYPES = YES;
				CLANG_WARN_SUSPICIOUS_MOVE = YES;
				CLANG_WARN_UNGUARDED_AVAILABILITY = YES_AGGRESSIVE;
				CLANG_WARN_UNREACHABLE_CODE = YES;
				CLANG_WARN__DUPLICATE_METHOD_MATCH = YES;
				CODE_SIGN_IDENTITY = "iPhone Developer";
				COPY_PHASE_STRIP = NO;
				DEBUG_INFORMATION_FORMAT = "dwarf-with-dsym";
				ENABLE_NS_ASSERTIONS = NO;
				ENABLE_STRICT_OBJC_MSGSEND = YES;
				GCC_C_LANGUAGE_STANDARD = gnu11;
				GCC_NO_COMMON_BLOCKS = YES;
				GCC_WARN_64_TO_32_BIT_CONVERSION = YES;
				GCC_WARN_ABOUT_RETURN_TYPE = YES_ERROR;
				GCC_WARN_UNDECLARED_SELECTOR = YES;
				GCC_WARN_UNINITIALIZED_AUTOS = YES_AGGRESSIVE;
				GCC_WARN_UNUSED_FUNCTION = YES;
				GCC_WARN_UNUSED_VARIABLE = YES;
				IPHONEOS_DEPLOYMENT_TARGET = 11.3;
				MTL_ENABLE_DEBUG_INFO = NO;
				SDKROOT = iphoneos;
				SWIFT_COMPILATION_MODE = wholemodule;
				SWIFT_OPTIMIZATION_LEVEL = "-O";
				VALIDATE_PRODUCT = YES;
			};
			name = Release;
		};
		D028EB2820A1A1ED00E34687 /* Debug */ = {
			isa = XCBuildConfiguration;
			buildSettings = {
				ASSETCATALOG_COMPILER_APPICON_NAME = AppIcon;
				CODE_SIGN_STYLE = Automatic;
				DEVELOPMENT_TEAM = H33FT7525R;
				INFOPLIST_FILE = Moments/Info.plist;
				LD_RUNPATH_SEARCH_PATHS = (
					"$(inherited)",
					"@executable_path/Frameworks",
				);
				PRODUCT_BUNDLE_IDENTIFIER = TT.Moments;
				PRODUCT_NAME = "$(TARGET_NAME)";
				SWIFT_VERSION = 4.0;
				TARGETED_DEVICE_FAMILY = "1,2";
			};
			name = Debug;
		};
		D028EB2920A1A1ED00E34687 /* Release */ = {
			isa = XCBuildConfiguration;
			buildSettings = {
				ASSETCATALOG_COMPILER_APPICON_NAME = AppIcon;
				CODE_SIGN_STYLE = Automatic;
				DEVELOPMENT_TEAM = H33FT7525R;
				INFOPLIST_FILE = Moments/Info.plist;
				LD_RUNPATH_SEARCH_PATHS = (
					"$(inherited)",
					"@executable_path/Frameworks",
				);
				PRODUCT_BUNDLE_IDENTIFIER = TT.Moments;
				PRODUCT_NAME = "$(TARGET_NAME)";
				SWIFT_VERSION = 4.0;
				TARGETED_DEVICE_FAMILY = "1,2";
			};
			name = Release;
		};
/* End XCBuildConfiguration section */

/* Begin XCConfigurationList section */
		D028EB1020A1A1EB00E34687 /* Build configuration list for PBXProject "Moments" */ = {
			isa = XCConfigurationList;
			buildConfigurations = (
				D028EB2520A1A1ED00E34687 /* Debug */,
				D028EB2620A1A1ED00E34687 /* Release */,
			);
			defaultConfigurationIsVisible = 0;
			defaultConfigurationName = Release;
		};
		D028EB2720A1A1ED00E34687 /* Build configuration list for PBXNativeTarget "Moments" */ = {
			isa = XCConfigurationList;
			buildConfigurations = (
				D028EB2820A1A1ED00E34687 /* Debug */,
				D028EB2920A1A1ED00E34687 /* Release */,
			);
			defaultConfigurationIsVisible = 0;
			defaultConfigurationName = Release;
		};
/* End XCConfigurationList section */
	};
	rootObject = D028EB0D20A1A1EB00E34687 /* Project object */;
}
